
Microsoft Visual Studio Solution File, Format Version 12.00
# Visual Studio Version 17
VisualStudioVersion = 17.12.35707.178
MinimumVisualStudioVersion = 10.0.40219.1
Project("{2150E333-8FDC-42A3-9474-1A3956D46DE8}") = "src", "src", "{701DF8BD-233A-441A-AACD-DAFF4A23701C}"
EndProject
Project("{FAE04EC0-301F-11D3-BF4B-00C04F79EFBC}") = "VerticalSliceTemplate.ServiceDefaults", "src\VerticalSliceTemplate.ServiceDefaults\VerticalSliceTemplate.ServiceDefaults.csproj", "{E3BEF195-8065-4D6E-9C7F-46A3285FAA70}"
EndProject
Project("{FAE04EC0-301F-11D3-BF4B-00C04F79EFBC}") = "VerticalSliceTemplate.AppHost", "src\VerticalSliceTemplate.AppHost\VerticalSliceTemplate.AppHost.csproj", "{D96E6915-FF00-478F-B993-D1C4801F6319}"
EndProject
Project("{FAE04EC0-301F-11D3-BF4B-00C04F79EFBC}") = "VerticalSliceTemplate.Api", "src\VerticalSliceTemplate.Api\VerticalSliceTemplate.Api.csproj", "{8A62E762-876C-4706-9890-90261D8A8CFD}"
EndProject
Project("{2150E333-8FDC-42A3-9474-1A3956D46DE8}") = "tests", "tests", "{18D69C14-9C3F-4929-971D-F4E75D4E9F3D}"
EndProject
Project("{FAE04EC0-301F-11D3-BF4B-00C04F79EFBC}") = "VerticalSliceTemplate.Api.Tests", "tests\VerticalSliceTemplate.Api.Tests\VerticalSliceTemplate.Api.Tests.csproj", "{99FAF7A3-F21F-4DAE-B3D6-655439E4915A}"
EndProject
Project("{FAE04EC0-301F-11D3-BF4B-00C04F79EFBC}") = "VerticalSliceTemplate.Api.Integration.Tests", "tests\VerticalSliceTemplate.Api.Integration.Tests\VerticalSliceTemplate.Api.Integration.Tests.csproj", "{C7933A14-C768-4FB4-93CF-3CC24F85F2F9}"
EndProject
Global
	GlobalSection(SolutionConfigurationPlatforms) = preSolution
		Debug|Any CPU = Debug|Any CPU
		Release|Any CPU = Release|Any CPU
	EndGlobalSection
	GlobalSection(ProjectConfigurationPlatforms) = postSolution
		{E3BEF195-8065-4D6E-9C7F-46A3285FAA70}.Debug|Any CPU.ActiveCfg = Debug|Any CPU
		{E3BEF195-8065-4D6E-9C7F-46A3285FAA70}.Debug|Any CPU.Build.0 = Debug|Any CPU
		{E3BEF195-8065-4D6E-9C7F-46A3285FAA70}.Release|Any CPU.ActiveCfg = Release|Any CPU
		{E3BEF195-8065-4D6E-9C7F-46A3285FAA70}.Release|Any CPU.Build.0 = Release|Any CPU
		{D96E6915-FF00-478F-B993-D1C4801F6319}.Debug|Any CPU.ActiveCfg = Debug|Any CPU
		{D96E6915-FF00-478F-B993-D1C4801F6319}.Debug|Any CPU.Build.0 = Debug|Any CPU
		{D96E6915-FF00-478F-B993-D1C4801F6319}.Release|Any CPU.ActiveCfg = Release|Any CPU
		{D96E6915-FF00-478F-B993-D1C4801F6319}.Release|Any CPU.Build.0 = Release|Any CPU
		{8A62E762-876C-4706-9890-90261D8A8CFD}.Debug|Any CPU.ActiveCfg = Debug|Any CPU
		{8A62E762-876C-4706-9890-90261D8A8CFD}.Debug|Any CPU.Build.0 = Debug|Any CPU
		{8A62E762-876C-4706-9890-90261D8A8CFD}.Release|Any CPU.ActiveCfg = Release|Any CPU
		{8A62E762-876C-4706-9890-90261D8A8CFD}.Release|Any CPU.Build.0 = Release|Any CPU
		{99FAF7A3-F21F-4DAE-B3D6-655439E4915A}.Debug|Any CPU.ActiveCfg = Debug|Any CPU
		{99FAF7A3-F21F-4DAE-B3D6-655439E4915A}.Debug|Any CPU.Build.0 = Debug|Any CPU
		{99FAF7A3-F21F-4DAE-B3D6-655439E4915A}.Release|Any CPU.ActiveCfg = Release|Any CPU
		{99FAF7A3-F21F-4DAE-B3D6-655439E4915A}.Release|Any CPU.Build.0 = Release|Any CPU
		{C7933A14-C768-4FB4-93CF-3CC24F85F2F9}.Debug|Any CPU.ActiveCfg = Debug|Any CPU
		{C7933A14-C768-4FB4-93CF-3CC24F85F2F9}.Debug|Any CPU.Build.0 = Debug|Any CPU
		{C7933A14-C768-4FB4-93CF-3CC24F85F2F9}.Release|Any CPU.ActiveCfg = Release|Any CPU
		{C7933A14-C768-4FB4-93CF-3CC24F85F2F9}.Release|Any CPU.Build.0 = Release|Any CPU
	EndGlobalSection
	GlobalSection(SolutionProperties) = preSolution
		HideSolutionNode = FALSE
	EndGlobalSection
	GlobalSection(NestedProjects) = preSolution
		{8A62E762-876C-4706-9890-90261D8A8CFD} = {701DF8BD-233A-441A-AACD-DAFF4A23701C}
		{99FAF7A3-F21F-4DAE-B3D6-655439E4915A} = {18D69C14-9C3F-4929-971D-F4E75D4E9F3D}
		{C7933A14-C768-4FB4-93CF-3CC24F85F2F9} = {18D69C14-9C3F-4929-971D-F4E75D4E9F3D}
	EndGlobalSection
EndGlobal
